
Microsoft Visual Studio Solution File, Format Version 12.00
# Visual Studio Version 17
VisualStudioVersion = 17.0.31903.59
MinimumVisualStudioVersion = 10.0.40219.1
Project("{FAE04EC0-301F-11D3-BF4B-00C04F79EFBC}") = "ErmayMuhasebe.Shared", "ErmayMuhasebe.Shared\ErmayMuhasebe.Shared.csproj", "{A0E4C19F-D9A4-4B97-870A-A46E31E06525}"
EndProject
Project("{FAE04EC0-301F-11D3-BF4B-00C04F79EFBC}") = "ErmayMuhasebe.Cloud", "ErmayMuhasebe.Cloud\ErmayMuhasebe.Cloud.csproj", "{99CA90BD-F6AC-406E-AA34-B1F31C616E64}"
EndProject
Project("{FAE04EC0-301F-11D3-BF4B-00C04F79EFBC}") = "ErmayMuhasebe.Tests", "ErmayMuhasebe.Tests\ErmayMuhasebe.Tests.csproj", "{3CAB29F3-044C-48C3-B0EE-DE756A9D2A05}"
EndProject
Global
	GlobalSection(SolutionConfigurationPlatforms) = preSolution
		Debug|Any CPU = Debug|Any CPU
		Debug|x64 = Debug|x64
		Debug|x86 = Debug|x86
		Release|Any CPU = Release|Any CPU
		Release|x64 = Release|x64
		Release|x86 = Release|x86
	EndGlobalSection
	GlobalSection(ProjectConfigurationPlatforms) = postSolution
		{A0E4C19F-D9A4-4B97-870A-A46E31E06525}.Debug|Any CPU.ActiveCfg = Debug|Any CPU
		{A0E4C19F-D9A4-4B97-870A-A46E31E06525}.Debug|Any CPU.Build.0 = Debug|Any CPU
		{A0E4C19F-D9A4-4B97-870A-A46E31E06525}.Debug|x64.ActiveCfg = Debug|Any CPU
		{A0E4C19F-D9A4-4B97-870A-A46E31E06525}.Debug|x64.Build.0 = Debug|Any CPU
		{A0E4C19F-D9A4-4B97-870A-A46E31E06525}.Debug|x86.ActiveCfg = Debug|Any CPU
		{A0E4C19F-D9A4-4B97-870A-A46E31E06525}.Debug|x86.Build.0 = Debug|Any CPU
		{A0E4C19F-D9A4-4B97-870A-A46E31E06525}.Release|Any CPU.ActiveCfg = Release|Any CPU
		{A0E4C19F-D9A4-4B97-870A-A46E31E06525}.Release|Any CPU.Build.0 = Release|Any CPU
		{A0E4C19F-D9A4-4B97-870A-A46E31E06525}.Release|x64.ActiveCfg = Release|Any CPU
		{A0E4C19F-D9A4-4B97-870A-A46E31E06525}.Release|x64.Build.0 = Release|Any CPU
		{A0E4C19F-D9A4-4B97-870A-A46E31E06525}.Release|x86.ActiveCfg = Release|Any CPU
		{A0E4C19F-D9A4-4B97-870A-A46E31E06525}.Release|x86.Build.0 = Release|Any CPU
		{99CA90BD-F6AC-406E-AA34-B1F31C616E64}.Debug|Any CPU.ActiveCfg = Debug|Any CPU
		{99CA90BD-F6AC-406E-AA34-B1F31C616E64}.Debug|Any CPU.Build.0 = Debug|Any CPU
		{99CA90BD-F6AC-406E-AA34-B1F31C616E64}.Debug|x64.ActiveCfg = Debug|Any CPU
		{99CA90BD-F6AC-406E-AA34-B1F31C616E64}.Debug|x64.Build.0 = Debug|Any CPU
		{99CA90BD-F6AC-406E-AA34-B1F31C616E64}.Debug|x86.ActiveCfg = Debug|Any CPU
		{99CA90BD-F6AC-406E-AA34-B1F31C616E64}.Debug|x86.Build.0 = Debug|Any CPU
		{99CA90BD-F6AC-406E-AA34-B1F31C616E64}.Release|Any CPU.ActiveCfg = Release|Any CPU
		{99CA90BD-F6AC-406E-AA34-B1F31C616E64}.Release|Any CPU.Build.0 = Release|Any CPU
		{99CA90BD-F6AC-406E-AA34-B1F31C616E64}.Release|x64.ActiveCfg = Release|Any CPU
		{99CA90BD-F6AC-406E-AA34-B1F31C616E64}.Release|x64.Build.0 = Release|Any CPU
		{99CA90BD-F6AC-406E-AA34-B1F31C616E64}.Release|x86.ActiveCfg = Release|Any CPU
		{99CA90BD-F6AC-406E-AA34-B1F31C616E64}.Release|x86.Build.0 = Release|Any CPU
		{3CAB29F3-044C-48C3-B0EE-DE756A9D2A05}.Debug|Any CPU.ActiveCfg = Debug|Any CPU
		{3CAB29F3-044C-48C3-B0EE-DE756A9D2A05}.Debug|Any CPU.Build.0 = Debug|Any CPU
		{3CAB29F3-044C-48C3-B0EE-DE756A9D2A05}.Debug|x64.ActiveCfg = Debug|Any CPU
		{3CAB29F3-044C-48C3-B0EE-DE756A9D2A05}.Debug|x64.Build.0 = Debug|Any CPU
		{3CAB29F3-044C-48C3-B0EE-DE756A9D2A05}.Debug|x86.ActiveCfg = Debug|Any CPU
		{3CAB29F3-044C-48C3-B0EE-DE756A9D2A05}.Debug|x86.Build.0 = Debug|Any CPU
		{3CAB29F3-044C-48C3-B0EE-DE756A9D2A05}.Release|Any CPU.ActiveCfg = Release|Any CPU
		{3CAB29F3-044C-48C3-B0EE-DE756A9D2A05}.Release|Any CPU.Build.0 = Release|Any CPU
		{3CAB29F3-044C-48C3-B0EE-DE756A9D2A05}.Release|x64.ActiveCfg = Release|Any CPU
		{3CAB29F3-044C-48C3-B0EE-DE756A9D2A05}.Release|x64.Build.0 = Release|Any CPU
		{3CAB29F3-044C-48C3-B0EE-DE756A9D2A05}.Release|x86.ActiveCfg = Release|Any CPU
		{3CAB29F3-044C-48C3-B0EE-DE756A9D2A05}.Release|x86.Build.0 = Release|Any CPU
	EndGlobalSection
	GlobalSection(SolutionProperties) = preSolution
		HideSolutionNode = FALSE
	EndGlobalSection
	EndGlobalSection
EndGlobal
